// !$*UTF8*$!
{
	archiveVersion = 1;
	classes = {
	};
	objectVersion = 50;
	objects = {

/* Begin PBXBuildFile section */
		50E81E98239B7C2F00E646B4 /* main.cpp in Sources */ = {isa = PBXBuildFile; fileRef = 50E81E97239B7C2F00E646B4 /* main.cpp */; };
		50E81EA0239B7D0D00E646B4 /* Cocoa.framework in Frameworks */ = {isa = PBXBuildFile; fileRef = 50E81E9F239B7D0D00E646B4 /* Cocoa.framework */; };
		50E81EA2239B7D1400E646B4 /* OpenGL.framework in Frameworks */ = {isa = PBXBuildFile; fileRef = 50E81EA1239B7D1400E646B4 /* OpenGL.framework */; };
		50E81EA4239B7D1C00E646B4 /* IOKit.framework in Frameworks */ = {isa = PBXBuildFile; fileRef = 50E81EA3239B7D1C00E646B4 /* IOKit.framework */; };
		50E81EA6239B7D2700E646B4 /* CoreVideo.framework in Frameworks */ = {isa = PBXBuildFile; fileRef = 50E81EA5239B7D2700E646B4 /* CoreVideo.framework */; };
		50E81EA8239B805F00E646B4 /* GLUT.framework in Frameworks */ = {isa = PBXBuildFile; fileRef = 50E81EA7239B805F00E646B4 /* GLUT.framework */; };
		50E81EAA239B80C400E646B4 /* libglfw3.a in Frameworks */ = {isa = PBXBuildFile; fileRef = 50E81EA9239B80C400E646B4 /* libglfw3.a */; };
		50E81EAF239B831E00E646B4 /* libGLEW.a in Frameworks */ = {isa = PBXBuildFile; fileRef = 50E81EAE239B831D00E646B4 /* libGLEW.a */; };
		50E81EB1239B849A00E646B4 /* glad.c in Sources */ = {isa = PBXBuildFile; fileRef = 50E81EB0239B849A00E646B4 /* glad.c */; };
		EE184A7A239E2C1A0009D1C0 /* stb_image.cpp in Sources */ = {isa = PBXBuildFile; fileRef = EE184A78239E2C1A0009D1C0 /* stb_image.cpp */; };
		EE184A83239F6EDD0009D1C0 /* Camera.cpp in Sources */ = {isa = PBXBuildFile; fileRef = EE184A81239F6EDD0009D1C0 /* Camera.cpp */; };
		EE76998E239DF85E00AD5B53 /* Shader.cpp in Sources */ = {isa = PBXBuildFile; fileRef = EE76998C239DF85E00AD5B53 /* Shader.cpp */; };
/* End PBXBuildFile section */

/* Begin PBXCopyFilesBuildPhase section */
		50E81E92239B7C2F00E646B4 /* CopyFiles */ = {
			isa = PBXCopyFilesBuildPhase;
			buildActionMask = 2147483647;
			dstPath = /usr/share/man/man1/;
			dstSubfolderSpec = 0;
			files = (
			);
			runOnlyForDeploymentPostprocessing = 1;
		};
/* End PBXCopyFilesBuildPhase section */

/* Begin PBXFileReference section */
		50E81E94239B7C2F00E646B4 /* myOpenGL */ = {isa = PBXFileReference; explicitFileType = "compiled.mach-o.executable"; includeInIndex = 0; path = myOpenGL; sourceTree = BUILT_PRODUCTS_DIR; };
		50E81E97239B7C2F00E646B4 /* main.cpp */ = {isa = PBXFileReference; lastKnownFileType = sourcecode.cpp.cpp; path = main.cpp; sourceTree = "<group>"; };
		50E81E9F239B7D0D00E646B4 /* Cocoa.framework */ = {isa = PBXFileReference; lastKnownFileType = wrapper.framework; name = Cocoa.framework; path = System/Library/Frameworks/Cocoa.framework; sourceTree = SDKROOT; };
		50E81EA1239B7D1400E646B4 /* OpenGL.framework */ = {isa = PBXFileReference; lastKnownFileType = wrapper.framework; name = OpenGL.framework; path = System/Library/Frameworks/OpenGL.framework; sourceTree = SDKROOT; };
		50E81EA3239B7D1C00E646B4 /* IOKit.framework */ = {isa = PBXFileReference; lastKnownFileType = wrapper.framework; name = IOKit.framework; path = System/Library/Frameworks/IOKit.framework; sourceTree = SDKROOT; };
		50E81EA5239B7D2700E646B4 /* CoreVideo.framework */ = {isa = PBXFileReference; lastKnownFileType = wrapper.framework; name = CoreVideo.framework; path = System/Library/Frameworks/CoreVideo.framework; sourceTree = SDKROOT; };
		50E81EA7239B805F00E646B4 /* GLUT.framework */ = {isa = PBXFileReference; lastKnownFileType = wrapper.framework; name = GLUT.framework; path = System/Library/Frameworks/GLUT.framework; sourceTree = SDKROOT; };
		50E81EA9239B80C400E646B4 /* libglfw3.a */ = {isa = PBXFileReference; lastKnownFileType = archive.ar; name = libglfw3.a; path = ../../../../../usr/local/lib/libglfw3.a; sourceTree = "<group>"; };
		50E81EAE239B831D00E646B4 /* libGLEW.a */ = {isa = PBXFileReference; lastKnownFileType = archive.ar; name = libGLEW.a; path = ../../../../../usr/local/Cellar/glew/2.1.0/lib/libGLEW.a; sourceTree = "<group>"; };
		50E81EB0239B849A00E646B4 /* glad.c */ = {isa = PBXFileReference; fileEncoding = 4; lastKnownFileType = sourcecode.c.c; path = glad.c; sourceTree = "<group>"; };
		EE184A78239E2C1A0009D1C0 /* stb_image.cpp */ = {isa = PBXFileReference; lastKnownFileType = sourcecode.cpp.cpp; path = stb_image.cpp; sourceTree = "<group>"; };
		EE184A79239E2C1A0009D1C0 /* stb_image.h */ = {isa = PBXFileReference; lastKnownFileType = sourcecode.c.h; path = stb_image.h; sourceTree = "<group>"; };
		EE184A7E239E43750009D1C0 /* macro.hpp */ = {isa = PBXFileReference; lastKnownFileType = sourcecode.cpp.h; path = macro.hpp; sourceTree = "<group>"; };
		EE184A80239E73370009D1C0 /* glm */ = {isa = PBXFileReference; lastKnownFileType = folder; path = glm; sourceTree = "<group>"; };
		EE184A81239F6EDD0009D1C0 /* Camera.cpp */ = {isa = PBXFileReference; lastKnownFileType = sourcecode.cpp.cpp; path = Camera.cpp; sourceTree = "<group>"; };
		EE184A82239F6EDD0009D1C0 /* Camera.hpp */ = {isa = PBXFileReference; lastKnownFileType = sourcecode.cpp.h; path = Camera.hpp; sourceTree = "<group>"; };
		EE76998C239DF85E00AD5B53 /* Shader.cpp */ = {isa = PBXFileReference; lastKnownFileType = sourcecode.cpp.cpp; path = Shader.cpp; sourceTree = "<group>"; };
		EE76998D239DF85E00AD5B53 /* Shader.hpp */ = {isa = PBXFileReference; lastKnownFileType = sourcecode.cpp.h; path = Shader.hpp; sourceTree = "<group>"; };
		EE76998F239E01CA00AD5B53 /* sample.vs */ = {isa = PBXFileReference; lastKnownFileType = sourcecode.glsl; path = sample.vs; sourceTree = "<group>"; };
		EE769990239E021600AD5B53 /* sample.fs */ = {isa = PBXFileReference; lastKnownFileType = sourcecode.glsl; path = sample.fs; sourceTree = "<group>"; };
		EEA2C85923A244E600FF4AA1 /* light.vs */ = {isa = PBXFileReference; lastKnownFileType = sourcecode.glsl; path = light.vs; sourceTree = "<group>"; };
		EEA2C85A23A244F700FF4AA1 /* light.fs */ = {isa = PBXFileReference; lastKnownFileType = sourcecode.glsl; path = light.fs; sourceTree = "<group>"; };
/* End PBXFileReference section */

/* Begin PBXFrameworksBuildPhase section */
		50E81E91239B7C2F00E646B4 /* Frameworks */ = {
			isa = PBXFrameworksBuildPhase;
			buildActionMask = 2147483647;
			files = (
				50E81EAF239B831E00E646B4 /* libGLEW.a in Frameworks */,
				50E81EAA239B80C400E646B4 /* libglfw3.a in Frameworks */,
				50E81EA8239B805F00E646B4 /* GLUT.framework in Frameworks */,
				50E81EA6239B7D2700E646B4 /* CoreVideo.framework in Frameworks */,
				50E81EA4239B7D1C00E646B4 /* IOKit.framework in Frameworks */,
				50E81EA2239B7D1400E646B4 /* OpenGL.framework in Frameworks */,
				50E81EA0239B7D0D00E646B4 /* Cocoa.framework in Frameworks */,
			);
			runOnlyForDeploymentPostprocessing = 0;
		};
/* End PBXFrameworksBuildPhase section */

/* Begin PBXGroup section */
		50E81E8B239B7C2F00E646B4 = {
			isa = PBXGroup;
			children = (
				50E81E96239B7C2F00E646B4 /* myOpenGL */,
				50E81E95239B7C2F00E646B4 /* Products */,
				50E81E9E239B7D0D00E646B4 /* Frameworks */,
			);
			sourceTree = "<group>";
		};
		50E81E95239B7C2F00E646B4 /* Products */ = {
			isa = PBXGroup;
			children = (
				50E81E94239B7C2F00E646B4 /* myOpenGL */,
			);
			name = Products;
			sourceTree = "<group>";
		};
		50E81E96239B7C2F00E646B4 /* myOpenGL */ = {
			isa = PBXGroup;
			children = (
				50E81EB0239B849A00E646B4 /* glad.c */,
				50E81E97239B7C2F00E646B4 /* main.cpp */,
				EE76998C239DF85E00AD5B53 /* Shader.cpp */,
				EE76998D239DF85E00AD5B53 /* Shader.hpp */,
				EE184A7E239E43750009D1C0 /* macro.hpp */,
				EE184A78239E2C1A0009D1C0 /* stb_image.cpp */,
				EE184A81239F6EDD0009D1C0 /* Camera.cpp */,
				EE184A82239F6EDD0009D1C0 /* Camera.hpp */,
				EE184A80239E73370009D1C0 /* glm */,
				EE184A79239E2C1A0009D1C0 /* stb_image.h */,
				EE184A7C239E42930009D1C0 /* resource */,
				EE76998B239DF82500AD5B53 /* shaders */,
			);
			path = myOpenGL;
			sourceTree = "<group>";
		};
		50E81E9E239B7D0D00E646B4 /* Frameworks */ = {
			isa = PBXGroup;
			children = (
				50E81EAE239B831D00E646B4 /* libGLEW.a */,
				50E81EA9239B80C400E646B4 /* libglfw3.a */,
				50E81EA7239B805F00E646B4 /* GLUT.framework */,
				50E81EA5239B7D2700E646B4 /* CoreVideo.framework */,
				50E81EA3239B7D1C00E646B4 /* IOKit.framework */,
				50E81EA1239B7D1400E646B4 /* OpenGL.framework */,
				50E81E9F239B7D0D00E646B4 /* Cocoa.framework */,
			);
			name = Frameworks;
			sourceTree = "<group>";
		};
		EE184A7C239E42930009D1C0 /* resource */ = {
			isa = PBXGroup;
			children = (
			);
			path = resource;
			sourceTree = "<group>";
		};
		EE76998B239DF82500AD5B53 /* shaders */ = {
			isa = PBXGroup;
			children = (
				EE76998F239E01CA00AD5B53 /* sample.vs */,
				EEA2C85923A244E600FF4AA1 /* light.vs */,
				EEA2C85A23A244F700FF4AA1 /* light.fs */,
				EE769990239E021600AD5B53 /* sample.fs */,
			);
			path = shaders;
			sourceTree = "<group>";
		};
/* End PBXGroup section */

/* Begin PBXNativeTarget section */
		50E81E93239B7C2F00E646B4 /* myOpenGL */ = {
			isa = PBXNativeTarget;
			buildConfigurationList = 50E81E9B239B7C2F00E646B4 /* Build configuration list for PBXNativeTarget "myOpenGL" */;
			buildPhases = (
				50E81E90239B7C2F00E646B4 /* Sources */,
				50E81E91239B7C2F00E646B4 /* Frameworks */,
				50E81E92239B7C2F00E646B4 /* CopyFiles */,
			);
			buildRules = (
			);
			dependencies = (
			);
			name = myOpenGL;
			productName = myOpenGL;
			productReference = 50E81E94239B7C2F00E646B4 /* myOpenGL */;
			productType = "com.apple.product-type.tool";
		};
/* End PBXNativeTarget section */

/* Begin PBXProject section */
		50E81E8C239B7C2F00E646B4 /* Project object */ = {
			isa = PBXProject;
			attributes = {
				LastUpgradeCheck = 1110;
				ORGANIZATIONNAME = "吴凡";
				TargetAttributes = {
					50E81E93239B7C2F00E646B4 = {
						CreatedOnToolsVersion = 11.1;
					};
				};
			};
			buildConfigurationList = 50E81E8F239B7C2F00E646B4 /* Build configuration list for PBXProject "myOpenGL" */;
			compatibilityVersion = "Xcode 9.3";
			developmentRegion = en;
			hasScannedForEncodings = 0;
			knownRegions = (
				en,
				Base,
			);
			mainGroup = 50E81E8B239B7C2F00E646B4;
			productRefGroup = 50E81E95239B7C2F00E646B4 /* Products */;
			projectDirPath = "";
			projectRoot = "";
			targets = (
				50E81E93239B7C2F00E646B4 /* myOpenGL */,
			);
		};
/* End PBXProject section */

/* Begin PBXSourcesBuildPhase section */
		50E81E90239B7C2F00E646B4 /* Sources */ = {
			isa = PBXSourcesBuildPhase;
			buildActionMask = 2147483647;
			files = (
				50E81E98239B7C2F00E646B4 /* main.cpp in Sources */,
				EE184A7A239E2C1A0009D1C0 /* stb_image.cpp in Sources */,
				EE184A83239F6EDD0009D1C0 /* Camera.cpp in Sources */,
				EE76998E239DF85E00AD5B53 /* Shader.cpp in Sources */,
				50E81EB1239B849A00E646B4 /* glad.c in Sources */,
			);
			runOnlyForDeploymentPostprocessing = 0;
		};
/* End PBXSourcesBuildPhase section */

/* Begin XCBuildConfiguration section */
		50E81E99239B7C2F00E646B4 /* Debug */ = {
			isa = XCBuildConfiguration;
			buildSettings = {
				ALWAYS_SEARCH_USER_PATHS = NO;
				CLANG_ANALYZER_NONNULL = YES;
				CLANG_ANALYZER_NUMBER_OBJECT_CONVERSION = YES_AGGRESSIVE;
				CLANG_CXX_LANGUAGE_STANDARD = "gnu++14";
				CLANG_CXX_LIBRARY = "libc++";
				CLANG_ENABLE_MODULES = YES;
				CLANG_ENABLE_OBJC_ARC = YES;
				CLANG_ENABLE_OBJC_WEAK = YES;
				CLANG_WARN_BLOCK_CAPTURE_AUTORELEASING = YES;
				CLANG_WARN_BOOL_CONVERSION = YES;
				CLANG_WARN_COMMA = YES;
				CLANG_WARN_CONSTANT_CONVERSION = YES;
				CLANG_WARN_DEPRECATED_OBJC_IMPLEMENTATIONS = YES;
				CLANG_WARN_DIRECT_OBJC_ISA_USAGE = YES_ERROR;
				CLANG_WARN_DOCUMENTATION_COMMENTS = YES;
				CLANG_WARN_EMPTY_BODY = YES;
				CLANG_WARN_ENUM_CONVERSION = YES;
				CLANG_WARN_INFINITE_RECURSION = YES;
				CLANG_WARN_INT_CONVERSION = YES;
				CLANG_WARN_NON_LITERAL_NULL_CONVERSION = YES;
				CLANG_WARN_OBJC_IMPLICIT_RETAIN_SELF = YES;
				CLANG_WARN_OBJC_LITERAL_CONVERSION = YES;
				CLANG_WARN_OBJC_ROOT_CLASS = YES_ERROR;
				CLANG_WARN_RANGE_LOOP_ANALYSIS = YES;
				CLANG_WARN_STRICT_PROTOTYPES = YES;
				CLANG_WARN_SUSPICIOUS_MOVE = YES;
				CLANG_WARN_UNGUARDED_AVAILABILITY = YES_AGGRESSIVE;
				CLANG_WARN_UNREACHABLE_CODE = YES;
				CLANG_WARN__DUPLICATE_METHOD_MATCH = YES;
				COPY_PHASE_STRIP = NO;
				DEBUG_INFORMATION_FORMAT = dwarf;
				ENABLE_STRICT_OBJC_MSGSEND = YES;
				ENABLE_TESTABILITY = YES;
				GCC_C_LANGUAGE_STANDARD = gnu11;
				GCC_DYNAMIC_NO_PIC = NO;
				GCC_NO_COMMON_BLOCKS = YES;
				GCC_OPTIMIZATION_LEVEL = 0;
				GCC_PREPROCESSOR_DEFINITIONS = (
					"DEBUG=1",
					"$(inherited)",
				);
				GCC_WARN_64_TO_32_BIT_CONVERSION = YES;
				GCC_WARN_ABOUT_RETURN_TYPE = YES_ERROR;
				GCC_WARN_UNDECLARED_SELECTOR = YES;
				GCC_WARN_UNINITIALIZED_AUTOS = YES_AGGRESSIVE;
				GCC_WARN_UNUSED_FUNCTION = YES;
				GCC_WARN_UNUSED_VARIABLE = YES;
				MACOSX_DEPLOYMENT_TARGET = 10.14;
				MTL_ENABLE_DEBUG_INFO = INCLUDE_SOURCE;
				MTL_FAST_MATH = YES;
				ONLY_ACTIVE_ARCH = YES;
				SDKROOT = macosx;
			};
			name = Debug;
		};
		50E81E9A239B7C2F00E646B4 /* Release */ = {
			isa = XCBuildConfiguration;
			buildSettings = {
				ALWAYS_SEARCH_USER_PATHS = NO;
				CLANG_ANALYZER_NONNULL = YES;
				CLANG_ANALYZER_NUMBER_OBJECT_CONVERSION = YES_AGGRESSIVE;
				CLANG_CXX_LANGUAGE_STANDARD = "gnu++14";
				CLANG_CXX_LIBRARY = "libc++";
				CLANG_ENABLE_MODULES = YES;
				CLANG_ENABLE_OBJC_ARC = YES;
				CLANG_ENABLE_OBJC_WEAK = YES;
				CLANG_WARN_BLOCK_CAPTURE_AUTORELEASING = YES;
				CLANG_WARN_BOOL_CONVERSION = YES;
				CLANG_WARN_COMMA = YES;
				CLANG_WARN_CONSTANT_CONVERSION = YES;
				CLANG_WARN_DEPRECATED_OBJC_IMPLEMENTATIONS = YES;
				CLANG_WARN_DIRECT_OBJC_ISA_USAGE = YES_ERROR;
				CLANG_WARN_DOCUMENTATION_COMMENTS = YES;
				CLANG_WARN_EMPTY_BODY = YES;
				CLANG_WARN_ENUM_CONVERSION = YES;
				CLANG_WARN_INFINITE_RECURSION = YES;
				CLANG_WARN_INT_CONVERSION = YES;
				CLANG_WARN_NON_LITERAL_NULL_CONVERSION = YES;
				CLANG_WARN_OBJC_IMPLICIT_RETAIN_SELF = YES;
				CLANG_WARN_OBJC_LITERAL_CONVERSION = YES;
				CLANG_WARN_OBJC_ROOT_CLASS = YES_ERROR;
				CLANG_WARN_RANGE_LOOP_ANALYSIS = YES;
				CLANG_WARN_STRICT_PROTOTYPES = YES;
				CLANG_WARN_SUSPICIOUS_MOVE = YES;
				CLANG_WARN_UNGUARDED_AVAILABILITY = YES_AGGRESSIVE;
				CLANG_WARN_UNREACHABLE_CODE = YES;
				CLANG_WARN__DUPLICATE_METHOD_MATCH = YES;
				COPY_PHASE_STRIP = NO;
				DEBUG_INFORMATION_FORMAT = "dwarf-with-dsym";
				ENABLE_NS_ASSERTIONS = NO;
				ENABLE_STRICT_OBJC_MSGSEND = YES;
				GCC_C_LANGUAGE_STANDARD = gnu11;
				GCC_NO_COMMON_BLOCKS = YES;
				GCC_WARN_64_TO_32_BIT_CONVERSION = YES;
				GCC_WARN_ABOUT_RETURN_TYPE = YES_ERROR;
				GCC_WARN_UNDECLARED_SELECTOR = YES;
				GCC_WARN_UNINITIALIZED_AUTOS = YES_AGGRESSIVE;
				GCC_WARN_UNUSED_FUNCTION = YES;
				GCC_WARN_UNUSED_VARIABLE = YES;
				MACOSX_DEPLOYMENT_TARGET = 10.14;
				MTL_ENABLE_DEBUG_INFO = NO;
				MTL_FAST_MATH = YES;
				SDKROOT = macosx;
			};
			name = Release;
		};
		50E81E9C239B7C2F00E646B4 /* Debug */ = {
			isa = XCBuildConfiguration;
			buildSettings = {
				CLANG_ENABLE_MODULES = NO;
				CODE_SIGN_STYLE = Automatic;
				HEADER_SEARCH_PATHS = /usr/local/include/;
				LIBRARY_SEARCH_PATHS = (
					/usr/local/lib/,
					/usr/local/Cellar/glew/2.1.0/lib,
				);
				OTHER_LDFLAGS = "";
				PRODUCT_NAME = "$(TARGET_NAME)";
			};
			name = Debug;
		};
		50E81E9D239B7C2F00E646B4 /* Release */ = {
			isa = XCBuildConfiguration;
			buildSettings = {
				CLANG_ENABLE_MODULES = NO;
				CODE_SIGN_STYLE = Automatic;
				HEADER_SEARCH_PATHS = /usr/local/include/;
				LIBRARY_SEARCH_PATHS = (
					/usr/local/lib/,
					/usr/local/Cellar/glew/2.1.0/lib,
				);
				OTHER_LDFLAGS = "";
				PRODUCT_NAME = "$(TARGET_NAME)";
			};
			name = Release;
		};
/* End XCBuildConfiguration section */

/* Begin XCConfigurationList section */
		50E81E8F239B7C2F00E646B4 /* Build configuration list for PBXProject "myOpenGL" */ = {
			isa = XCConfigurationList;
			buildConfigurations = (
				50E81E99239B7C2F00E646B4 /* Debug */,
				50E81E9A239B7C2F00E646B4 /* Release */,
			);
			defaultConfigurationIsVisible = 0;
			defaultConfigurationName = Release;
		};
		50E81E9B239B7C2F00E646B4 /* Build configuration list for PBXNativeTarget "myOpenGL" */ = {
			isa = XCConfigurationList;
			buildConfigurations = (
				50E81E9C239B7C2F00E646B4 /* Debug */,
				50E81E9D239B7C2F00E646B4 /* Release */,
			);
			defaultConfigurationIsVisible = 0;
			defaultConfigurationName = Release;
		};
/* End XCConfigurationList section */
	};
	rootObject = 50E81E8C239B7C2F00E646B4 /* Project object */;
}
